
Microsoft Visual Studio Solution File, Format Version 12.00
# Visual Studio Version 17
VisualStudioVersion = 17.13.36105.23 d17.13
MinimumVisualStudioVersion = 10.0.40219.1
Project("{FAE04EC0-301F-11D3-BF4B-00C04F79EFBC}") = "Military_control_system", "Military_control_system\Military_control_system.csproj", "{D68E955E-9EC4-43A1-8FFA-4F8F0FD9A721}"
EndProject
Global
	GlobalSection(SolutionConfigurationPlatforms) = preSolution
		Debug|Any CPU = Debug|Any CPU
		Release|Any CPU = Release|Any CPU
	EndGlobalSection
	GlobalSection(ProjectConfigurationPlatforms) = postSolution
		{D68E955E-9EC4-43A1-8FFA-4F8F0FD9A721}.Debug|Any CPU.ActiveCfg = Debug|Any CPU
		{D68E955E-9EC4-43A1-8FFA-4F8F0FD9A721}.Debug|Any CPU.Build.0 = Debug|Any CPU
		{D68E955E-9EC4-43A1-8FFA-4F8F0FD9A721}.Release|Any CPU.ActiveCfg = Release|Any CPU
		{D68E955E-9EC4-43A1-8FFA-4F8F0FD9A721}.Release|Any CPU.Build.0 = Release|Any CPU
	EndGlobalSection
	GlobalSection(SolutionProperties) = preSolution
		HideSolutionNode = FALSE
	EndGlobalSection
	GlobalSection(ExtensibilityGlobals) = postSolution
		SolutionGuid = {A2E19D99-5D59-4B07-9B02-80058C92124D}
	EndGlobalSection
EndGlobal
